
Microsoft Visual Studio Solution File, Format Version 12.00
# Visual Studio 14
VisualStudioVersion = 14.0.25420.1
MinimumVisualStudioVersion = 10.0.40219.1
Project("{FAE04EC0-301F-11D3-BF4B-00C04F79EFBC}") = "MqttClientLibrary", "MqttClientLibrary\MqttClientLibrary.csproj", "{ED74FDC9-18F3-439C-87BB-FFD76B38CF4A}"
EndProject
Project("{FAE04EC0-301F-11D3-BF4B-00C04F79EFBC}") = "FactoryCart", "FactoryCart\FactoryCart.csproj", "{1ECAC652-276B-4FF2-8FCB-FB751A138698}"
EndProject
Project("{FAE04EC0-301F-11D3-BF4B-00C04F79EFBC}") = "FactoryCartsControlCenter", "FactoryCartsControlCenter\FactoryCartsControlCenter.csproj", "{A996EC52-5CE1-4EB8-B635-137EC97BFB08}"
EndProject
Global
	GlobalSection(SolutionConfigurationPlatforms) = preSolution
		Debug|Any CPU = Debug|Any CPU
		Release|Any CPU = Release|Any CPU
	EndGlobalSection
	GlobalSection(ProjectConfigurationPlatforms) = postSolution
		{ED74FDC9-18F3-439C-87BB-FFD76B38CF4A}.Debug|Any CPU.ActiveCfg = Debug|Any CPU
		{ED74FDC9-18F3-439C-87BB-FFD76B38CF4A}.Debug|Any CPU.Build.0 = Debug|Any CPU
		{ED74FDC9-18F3-439C-87BB-FFD76B38CF4A}.Release|Any CPU.ActiveCfg = Release|Any CPU
		{ED74FDC9-18F3-439C-87BB-FFD76B38CF4A}.Release|Any CPU.Build.0 = Release|Any CPU
		{1ECAC652-276B-4FF2-8FCB-FB751A138698}.Debug|Any CPU.ActiveCfg = Debug|Any CPU
		{1ECAC652-276B-4FF2-8FCB-FB751A138698}.Debug|Any CPU.Build.0 = Debug|Any CPU
		{1ECAC652-276B-4FF2-8FCB-FB751A138698}.Release|Any CPU.ActiveCfg = Release|Any CPU
		{1ECAC652-276B-4FF2-8FCB-FB751A138698}.Release|Any CPU.Build.0 = Release|Any CPU
		{A996EC52-5CE1-4EB8-B635-137EC97BFB08}.Debug|Any CPU.ActiveCfg = Debug|Any CPU
		{A996EC52-5CE1-4EB8-B635-137EC97BFB08}.Debug|Any CPU.Build.0 = Debug|Any CPU
		{A996EC52-5CE1-4EB8-B635-137EC97BFB08}.Release|Any CPU.ActiveCfg = Release|Any CPU
		{A996EC52-5CE1-4EB8-B635-137EC97BFB08}.Release|Any CPU.Build.0 = Release|Any CPU
	EndGlobalSection
	GlobalSection(SolutionProperties) = preSolution
		HideSolutionNode = FALSE
	EndGlobalSection
EndGlobal
